
Microsoft Visual Studio Solution File, Format Version 12.00
# Visual Studio Version 17
VisualStudioVersion = 17.3.32819.101
MinimumVisualStudioVersion = 10.0.40219.1
Project("{FAE04EC0-301F-11D3-BF4B-00C04F79EFBC}") = "APIDocker", "APIDocker\APIDocker.csproj", "{070A596B-CEB2-4DF1-97BA-900753D2621D}"
EndProject
Global
	GlobalSection(SolutionConfigurationPlatforms) = preSolution
		Debug|Any CPU = Debug|Any CPU
		Release|Any CPU = Release|Any CPU
	EndGlobalSection
	GlobalSection(ProjectConfigurationPlatforms) = postSolution
		{070A596B-CEB2-4DF1-97BA-900753D2621D}.Debug|Any CPU.ActiveCfg = Debug|Any CPU
		{070A596B-CEB2-4DF1-97BA-900753D2621D}.Debug|Any CPU.Build.0 = Debug|Any CPU
		{070A596B-CEB2-4DF1-97BA-900753D2621D}.Release|Any CPU.ActiveCfg = Release|Any CPU
		{070A596B-CEB2-4DF1-97BA-900753D2621D}.Release|Any CPU.Build.0 = Release|Any CPU
	EndGlobalSection
	GlobalSection(SolutionProperties) = preSolution
		HideSolutionNode = FALSE
	EndGlobalSection
	GlobalSection(ExtensibilityGlobals) = postSolution
		SolutionGuid = {61911465-7161-438A-84F0-570EA18C4F2C}
	EndGlobalSection
EndGlobal
